
Microsoft Visual Studio Solution File, Format Version 12.00
# Visual Studio Version 17
VisualStudioVersion = 17.6.33723.286
MinimumVisualStudioVersion = 10.0.40219.1
Project("{FAE04EC0-301F-11D3-BF4B-00C04F79EFBC}") = "WF-ColorPickBackground", "WF-ColorPickBackground.csproj", "{727EAF97-3B10-4E1D-A84A-39FA90A09CA6}"
EndProject
Global
	GlobalSection(SolutionConfigurationPlatforms) = preSolution
		Debug|Any CPU = Debug|Any CPU
		Release|Any CPU = Release|Any CPU
	EndGlobalSection
	GlobalSection(ProjectConfigurationPlatforms) = postSolution
		{727EAF97-3B10-4E1D-A84A-39FA90A09CA6}.Debug|Any CPU.ActiveCfg = Debug|Any CPU
		{727EAF97-3B10-4E1D-A84A-39FA90A09CA6}.Debug|Any CPU.Build.0 = Debug|Any CPU
		{727EAF97-3B10-4E1D-A84A-39FA90A09CA6}.Release|Any CPU.ActiveCfg = Release|Any CPU
		{727EAF97-3B10-4E1D-A84A-39FA90A09CA6}.Release|Any CPU.Build.0 = Release|Any CPU
	EndGlobalSection
	GlobalSection(SolutionProperties) = preSolution
		HideSolutionNode = FALSE
	EndGlobalSection
	GlobalSection(ExtensibilityGlobals) = postSolution
		SolutionGuid = {AA24E006-0773-49DE-92BB-0EECD2431B3E}
	EndGlobalSection
EndGlobal
